{
  "nodes": {
    "flake-utils": {
      "locked": {
        "lastModified": 1659877975,
        "narHash": "sha256-zllb8aq3YO3h8B/U0/J1WBgAL8EX5yWf5pMj3G0NAmc=",
        "owner": "numtide",
        "repo": "flake-utils",
        "rev": "c0e246b9b83f637f4681389ecabcb2681b4f3af0",
        "type": "github"
      },
      "original": {
        "owner": "numtide",
        "repo": "flake-utils",
        "type": "github"
      }
    },
    "nixpkgs": {
      "locked": {
        "lastModified": 1690368718,
        "narHash": "sha256-8ed+qHBSuogc1Q9T4PMDxV8kNLhXYbg6QTClxwmsSSw=",
        "owner": "GuillaumeDesforges",
        "repo": "nixpkgs",
        "rev": "9f9c11e6dacaf8fc0beb9429e071f727ff7edeed",
        "type": "github"
      },
      "original": {
        "owner": "GuillaumeDesforges",
        "ref": "marp-cli",
        "repo": "nixpkgs",
        "type": "github"
      }
    },
    "root": {
      "inputs": {
        "flake-utils": "flake-utils",
        "nixpkgs": "nixpkgs"
      }
    }
  },
  "root": "root",
  "version": 7
}
